
Microsoft Visual Studio Solution File, Format Version 12.00
# Visual Studio Version 17
VisualStudioVersion = 17.0.31612.314
MinimumVisualStudioVersion = 10.0.40219.1
Project("{9A19103F-16F7-4668-BE54-9A1E7A4F7556}") = "IsekaiNameGenerator", "IsekaiNameGenerator\IsekaiNameGenerator.csproj", "{574B1A23-0B13-4DC1-9422-B2796A676336}"
EndProject
Project("{FAE04EC0-301F-11D3-BF4B-00C04F79EFBC}") = "Megumin.IsekaiNameGenerator", "Megumin.IsekaiNameGenerator\Megumin.IsekaiNameGenerator.csproj", "{DDDDD320-857C-4695-A192-BF64D3397617}"
EndProject
Global
	GlobalSection(SolutionConfigurationPlatforms) = preSolution
		Debug|Any CPU = Debug|Any CPU
		Release|Any CPU = Release|Any CPU
	EndGlobalSection
	GlobalSection(ProjectConfigurationPlatforms) = postSolution
		{574B1A23-0B13-4DC1-9422-B2796A676336}.Debug|Any CPU.ActiveCfg = Debug|Any CPU
		{574B1A23-0B13-4DC1-9422-B2796A676336}.Debug|Any CPU.Build.0 = Debug|Any CPU
		{574B1A23-0B13-4DC1-9422-B2796A676336}.Release|Any CPU.ActiveCfg = Release|Any CPU
		{574B1A23-0B13-4DC1-9422-B2796A676336}.Release|Any CPU.Build.0 = Release|Any CPU
		{DDDDD320-857C-4695-A192-BF64D3397617}.Debug|Any CPU.ActiveCfg = Debug|Any CPU
		{DDDDD320-857C-4695-A192-BF64D3397617}.Debug|Any CPU.Build.0 = Debug|Any CPU
		{DDDDD320-857C-4695-A192-BF64D3397617}.Release|Any CPU.ActiveCfg = Release|Any CPU
		{DDDDD320-857C-4695-A192-BF64D3397617}.Release|Any CPU.Build.0 = Release|Any CPU
	EndGlobalSection
	GlobalSection(SolutionProperties) = preSolution
		HideSolutionNode = FALSE
	EndGlobalSection
	GlobalSection(ExtensibilityGlobals) = postSolution
		SolutionGuid = {E0E7ED7A-D36D-41A4-A61C-967A60C78E66}
	EndGlobalSection
EndGlobal
